{
  "nodes": {
    "nixpkgs": {
      "locked": {
        "lastModified": 1700497559,
        "narHash": "sha256-VSExflc07YqpdkKi6bWQzmlhgzeoXEuG7hcpt78DnyI=",
        "owner": "NixOS",
        "repo": "nixpkgs",
        "rev": "ed5e926ec4b6438ef7e19f0ab2eb82bd342084d7",
        "type": "github"
      },
      "original": {
        "owner": "NixOS",
        "repo": "nixpkgs",
        "type": "github"
      }
    },
    "root": {
      "inputs": {
        "nixpkgs": "nixpkgs"
      }
    }
  },
  "root": "root",
  "version": 7
}
