{
  "nodes": {
    "nixpkgs": {
      "locked": {
        "lastModified": 1726739966,
        "narHash": "sha256-fozKcZqE+yPvP69vbCZAxSKnLUDTvjBmAKGdey+1G3I=",
        "owner": "NixOS",
        "repo": "nixpkgs",
        "rev": "f93ebff8dc3a3dbf6d82ddc2ed221fa4a5209f91",
        "type": "github"
      },
      "original": {
        "owner": "NixOS",
        "repo": "nixpkgs",
        "type": "github"
      }
    },
    "root": {
      "inputs": {
        "nixpkgs": "nixpkgs"
      }
    }
  },
  "root": "root",
  "version": 7
}
