{
  "nodes": {
    "nixpkgs": {
      "locked": {
        "lastModified": 1699432124,
        "narHash": "sha256-WeH+eCjPnLSh2ztnVJ7KuxPBTGfeZJzbbsMdLAZsOto=",
        "owner": "NixOS",
        "repo": "nixpkgs",
        "rev": "63fe80d8d546d2ab496bc16eb2f3e1ae4ca14687",
        "type": "github"
      },
      "original": {
        "owner": "NixOS",
        "repo": "nixpkgs",
        "type": "github"
      }
    },
    "root": {
      "inputs": {
        "nixpkgs": "nixpkgs"
      }
    }
  },
  "root": "root",
  "version": 7
}
